
Microsoft Visual Studio Solution File, Format Version 12.00
# Visual Studio 15
VisualStudioVersion = 15.0.27428.1
MinimumVisualStudioVersion = 10.0.40219.1
Project("{FAE04EC0-301F-11D3-BF4B-00C04F79EFBC}") = "KPMGNews", "KPMGNews\KPMGNews.csproj", "{0462AD7F-0134-469F-918F-F6961E21C77C}"
EndProject
Global
	GlobalSection(SolutionConfigurationPlatforms) = preSolution
		Debug|Any CPU = Debug|Any CPU
		Release|Any CPU = Release|Any CPU
	EndGlobalSection
	GlobalSection(ProjectConfigurationPlatforms) = postSolution
		{0462AD7F-0134-469F-918F-F6961E21C77C}.Debug|Any CPU.ActiveCfg = Debug|Any CPU
		{0462AD7F-0134-469F-918F-F6961E21C77C}.Debug|Any CPU.Build.0 = Debug|Any CPU
		{0462AD7F-0134-469F-918F-F6961E21C77C}.Release|Any CPU.ActiveCfg = Release|Any CPU
		{0462AD7F-0134-469F-918F-F6961E21C77C}.Release|Any CPU.Build.0 = Release|Any CPU
	EndGlobalSection
	GlobalSection(SolutionProperties) = preSolution
		HideSolutionNode = FALSE
	EndGlobalSection
	GlobalSection(ExtensibilityGlobals) = postSolution
		SolutionGuid = {5CABED63-F368-4063-9F28-B5B92AD285BA}
	EndGlobalSection
EndGlobal
